
Microsoft Visual Studio Solution File, Format Version 12.00
# Visual Studio 15
VisualStudioVersion = 15.0.28307.102
MinimumVisualStudioVersion = 10.0.40219.1
Project("{FAE04EC0-301F-11D3-BF4B-00C04F79EFBC}") = "WebApplication6", "WebApplication6\WebApplication6.csproj", "{CE6872A2-1542-4A29-B085-FCF37F811D1D}"
EndProject
Global
	GlobalSection(SolutionConfigurationPlatforms) = preSolution
		Debug|Any CPU = Debug|Any CPU
		Release|Any CPU = Release|Any CPU
	EndGlobalSection
	GlobalSection(ProjectConfigurationPlatforms) = postSolution
		{CE6872A2-1542-4A29-B085-FCF37F811D1D}.Debug|Any CPU.ActiveCfg = Debug|Any CPU
		{CE6872A2-1542-4A29-B085-FCF37F811D1D}.Debug|Any CPU.Build.0 = Debug|Any CPU
		{CE6872A2-1542-4A29-B085-FCF37F811D1D}.Release|Any CPU.ActiveCfg = Release|Any CPU
		{CE6872A2-1542-4A29-B085-FCF37F811D1D}.Release|Any CPU.Build.0 = Release|Any CPU
	EndGlobalSection
	GlobalSection(SolutionProperties) = preSolution
		HideSolutionNode = FALSE
	EndGlobalSection
	GlobalSection(ExtensibilityGlobals) = postSolution
		SolutionGuid = {51B5A372-5DAC-4A9B-8E08-DBFB67A2FA5D}
	EndGlobalSection
EndGlobal
